
Microsoft Visual Studio Solution File, Format Version 12.00
# Visual Studio 15
VisualStudioVersion = 15.0.27703.2035
MinimumVisualStudioVersion = 10.0.40219.1
Project("{888888A0-9F3D-457C-B088-3A5042F75D52}") = "ManimInteractive", "ManimInteractive\ManimInteractive.pyproj", "{3AE7A264-83AB-43D2-A35F-E27A65EE26DF}"
EndProject
Global
	GlobalSection(SolutionConfigurationPlatforms) = preSolution
		Debug|Any CPU = Debug|Any CPU
		Release|Any CPU = Release|Any CPU
	EndGlobalSection
	GlobalSection(ProjectConfigurationPlatforms) = postSolution
		{3AE7A264-83AB-43D2-A35F-E27A65EE26DF}.Debug|Any CPU.ActiveCfg = Debug|Any CPU
		{3AE7A264-83AB-43D2-A35F-E27A65EE26DF}.Release|Any CPU.ActiveCfg = Release|Any CPU
	EndGlobalSection
	GlobalSection(SolutionProperties) = preSolution
		HideSolutionNode = FALSE
	EndGlobalSection
	GlobalSection(ExtensibilityGlobals) = postSolution
		SolutionGuid = {C13E1390-59D0-402D-9B5C-7E570C134B4D}
	EndGlobalSection
EndGlobal
