
Microsoft Visual Studio Solution File, Format Version 12.00
# Visual Studio Version 16
VisualStudioVersion = 16.0.29001.49
MinimumVisualStudioVersion = 10.0.40219.1
Project("{FAE04EC0-301F-11D3-BF4B-00C04F79EFBC}") = "ManimInteractive", "ManimInteractive\ManimInteractive.csproj", "{3E305C40-B52D-4450-A450-B65FEC3614DE}"
EndProject
Project("{FAE04EC0-301F-11D3-BF4B-00C04F79EFBC}") = "ManimSetup", "ManimSetup\ManimSetup.csproj", "{97348B9C-FA3C-4C41-83D9-EF505D4136DF}"
EndProject
Project("{FAE04EC0-301F-11D3-BF4B-00C04F79EFBC}") = "ManimPPT", "ManimPPT\ManimPPT.csproj", "{BFE63EC3-9876-47EE-9B9A-66D1546E88FE}"
EndProject
Global
	GlobalSection(SolutionConfigurationPlatforms) = preSolution
		Debug|Any CPU = Debug|Any CPU
		Release|Any CPU = Release|Any CPU
	EndGlobalSection
	GlobalSection(ProjectConfigurationPlatforms) = postSolution
		{3E305C40-B52D-4450-A450-B65FEC3614DE}.Debug|Any CPU.ActiveCfg = Debug|Any CPU
		{3E305C40-B52D-4450-A450-B65FEC3614DE}.Debug|Any CPU.Build.0 = Debug|Any CPU
		{3E305C40-B52D-4450-A450-B65FEC3614DE}.Release|Any CPU.ActiveCfg = Release|Any CPU
		{3E305C40-B52D-4450-A450-B65FEC3614DE}.Release|Any CPU.Build.0 = Release|Any CPU
		{97348B9C-FA3C-4C41-83D9-EF505D4136DF}.Debug|Any CPU.ActiveCfg = Debug|Any CPU
		{97348B9C-FA3C-4C41-83D9-EF505D4136DF}.Debug|Any CPU.Build.0 = Debug|Any CPU
		{97348B9C-FA3C-4C41-83D9-EF505D4136DF}.Release|Any CPU.ActiveCfg = Release|Any CPU
		{97348B9C-FA3C-4C41-83D9-EF505D4136DF}.Release|Any CPU.Build.0 = Release|Any CPU
		{BFE63EC3-9876-47EE-9B9A-66D1546E88FE}.Debug|Any CPU.ActiveCfg = Debug|Any CPU
		{BFE63EC3-9876-47EE-9B9A-66D1546E88FE}.Debug|Any CPU.Build.0 = Debug|Any CPU
		{BFE63EC3-9876-47EE-9B9A-66D1546E88FE}.Release|Any CPU.ActiveCfg = Release|Any CPU
		{BFE63EC3-9876-47EE-9B9A-66D1546E88FE}.Release|Any CPU.Build.0 = Release|Any CPU
	EndGlobalSection
	GlobalSection(SolutionProperties) = preSolution
		HideSolutionNode = FALSE
	EndGlobalSection
	GlobalSection(ExtensibilityGlobals) = postSolution
		SolutionGuid = {C13E1390-59D0-402D-9B5C-7E570C134B4D}
	EndGlobalSection
EndGlobal
